// !$*UTF8*$!
{
	archiveVersion = 1;
	classes = {
	};
	objectVersion = 55;
	objects = {

/* Begin PBXBuildFile section */
		9AE2C8A5733F8A579FC7AA2C /* Pods_KadaiChallenge11.framework in Frameworks */ = {isa = PBXBuildFile; fileRef = 6AD0E4B809DDD65E040D2ADA /* Pods_KadaiChallenge11.framework */; };
		D358BD27282745690044774C /* AppDelegate.swift in Sources */ = {isa = PBXBuildFile; fileRef = D358BD26282745690044774C /* AppDelegate.swift */; };
		D358BD29282745690044774C /* SceneDelegate.swift in Sources */ = {isa = PBXBuildFile; fileRef = D358BD28282745690044774C /* SceneDelegate.swift */; };
		D358BD2B282745690044774C /* ViewController.swift in Sources */ = {isa = PBXBuildFile; fileRef = D358BD2A282745690044774C /* ViewController.swift */; };
		D358BD2E282745690044774C /* Main.storyboard in Resources */ = {isa = PBXBuildFile; fileRef = D358BD2C282745690044774C /* Main.storyboard */; };
		D358BD302827456B0044774C /* Assets.xcassets in Resources */ = {isa = PBXBuildFile; fileRef = D358BD2F2827456B0044774C /* Assets.xcassets */; };
		D358BD332827456B0044774C /* LaunchScreen.storyboard in Resources */ = {isa = PBXBuildFile; fileRef = D358BD312827456B0044774C /* LaunchScreen.storyboard */; };
		D358BD3C2827BD730044774C /* PrefecturesTableViewCell.swift in Sources */ = {isa = PBXBuildFile; fileRef = D358BD3A2827BD730044774C /* PrefecturesTableViewCell.swift */; };
		D358BD3D2827BD730044774C /* PrefecturesTableViewCell.xib in Resources */ = {isa = PBXBuildFile; fileRef = D358BD3B2827BD730044774C /* PrefecturesTableViewCell.xib */; };
		D358BD3F2827BD9A0044774C /* SelectionPrefecturesViewController.swift in Sources */ = {isa = PBXBuildFile; fileRef = D358BD3E2827BD9A0044774C /* SelectionPrefecturesViewController.swift */; };
/* End PBXBuildFile section */

/* Begin PBXFileReference section */
		6AD0E4B809DDD65E040D2ADA /* Pods_KadaiChallenge11.framework */ = {isa = PBXFileReference; explicitFileType = wrapper.framework; includeInIndex = 0; path = Pods_KadaiChallenge11.framework; sourceTree = BUILT_PRODUCTS_DIR; };
		78691CC0AFB19687FE5FED3D /* Pods-KadaiChallenge11.debug.xcconfig */ = {isa = PBXFileReference; includeInIndex = 1; lastKnownFileType = text.xcconfig; name = "Pods-KadaiChallenge11.debug.xcconfig"; path = "Target Support Files/Pods-KadaiChallenge11/Pods-KadaiChallenge11.debug.xcconfig"; sourceTree = "<group>"; };
		7E918D27A7048F02437CDF29 /* Pods-KadaiChallenge11.release.xcconfig */ = {isa = PBXFileReference; includeInIndex = 1; lastKnownFileType = text.xcconfig; name = "Pods-KadaiChallenge11.release.xcconfig"; path = "Target Support Files/Pods-KadaiChallenge11/Pods-KadaiChallenge11.release.xcconfig"; sourceTree = "<group>"; };
		D358BD23282745690044774C /* KadaiChallenge11.app */ = {isa = PBXFileReference; explicitFileType = wrapper.application; includeInIndex = 0; path = KadaiChallenge11.app; sourceTree = BUILT_PRODUCTS_DIR; };
		D358BD26282745690044774C /* AppDelegate.swift */ = {isa = PBXFileReference; lastKnownFileType = sourcecode.swift; path = AppDelegate.swift; sourceTree = "<group>"; };
		D358BD28282745690044774C /* SceneDelegate.swift */ = {isa = PBXFileReference; lastKnownFileType = sourcecode.swift; path = SceneDelegate.swift; sourceTree = "<group>"; };
		D358BD2A282745690044774C /* ViewController.swift */ = {isa = PBXFileReference; lastKnownFileType = sourcecode.swift; path = ViewController.swift; sourceTree = "<group>"; };
		D358BD2D282745690044774C /* Base */ = {isa = PBXFileReference; lastKnownFileType = file.storyboard; name = Base; path = Base.lproj/Main.storyboard; sourceTree = "<group>"; };
		D358BD2F2827456B0044774C /* Assets.xcassets */ = {isa = PBXFileReference; lastKnownFileType = folder.assetcatalog; path = Assets.xcassets; sourceTree = "<group>"; };
		D358BD322827456B0044774C /* Base */ = {isa = PBXFileReference; lastKnownFileType = file.storyboard; name = Base; path = Base.lproj/LaunchScreen.storyboard; sourceTree = "<group>"; };
		D358BD342827456B0044774C /* Info.plist */ = {isa = PBXFileReference; lastKnownFileType = text.plist.xml; path = Info.plist; sourceTree = "<group>"; };
		D358BD3A2827BD730044774C /* PrefecturesTableViewCell.swift */ = {isa = PBXFileReference; lastKnownFileType = sourcecode.swift; path = PrefecturesTableViewCell.swift; sourceTree = "<group>"; };
		D358BD3B2827BD730044774C /* PrefecturesTableViewCell.xib */ = {isa = PBXFileReference; lastKnownFileType = file.xib; path = PrefecturesTableViewCell.xib; sourceTree = "<group>"; };
		D358BD3E2827BD9A0044774C /* SelectionPrefecturesViewController.swift */ = {isa = PBXFileReference; lastKnownFileType = sourcecode.swift; path = SelectionPrefecturesViewController.swift; sourceTree = "<group>"; };
/* End PBXFileReference section */

/* Begin PBXFrameworksBuildPhase section */
		D358BD20282745690044774C /* Frameworks */ = {
			isa = PBXFrameworksBuildPhase;
			buildActionMask = 2147483647;
			files = (
				9AE2C8A5733F8A579FC7AA2C /* Pods_KadaiChallenge11.framework in Frameworks */,
			);
			runOnlyForDeploymentPostprocessing = 0;
		};
/* End PBXFrameworksBuildPhase section */

/* Begin PBXGroup section */
		B9BB2D562E058ADDDFE19A1E /* Frameworks */ = {
			isa = PBXGroup;
			children = (
				6AD0E4B809DDD65E040D2ADA /* Pods_KadaiChallenge11.framework */,
			);
			name = Frameworks;
			sourceTree = "<group>";
		};
		D358BD1A282745690044774C = {
			isa = PBXGroup;
			children = (
				D358BD25282745690044774C /* KadaiChallenge11 */,
				D358BD24282745690044774C /* Products */,
				DD66C181CA901890D76BE90F /* Pods */,
				B9BB2D562E058ADDDFE19A1E /* Frameworks */,
			);
			sourceTree = "<group>";
		};
		D358BD24282745690044774C /* Products */ = {
			isa = PBXGroup;
			children = (
				D358BD23282745690044774C /* KadaiChallenge11.app */,
			);
			name = Products;
			sourceTree = "<group>";
		};
		D358BD25282745690044774C /* KadaiChallenge11 */ = {
			isa = PBXGroup;
			children = (
				D358BD26282745690044774C /* AppDelegate.swift */,
				D358BD28282745690044774C /* SceneDelegate.swift */,
				D358BD2A282745690044774C /* ViewController.swift */,
				D358BD3E2827BD9A0044774C /* SelectionPrefecturesViewController.swift */,
				D358BD3A2827BD730044774C /* PrefecturesTableViewCell.swift */,
				D358BD2C282745690044774C /* Main.storyboard */,
				D358BD3B2827BD730044774C /* PrefecturesTableViewCell.xib */,
				D358BD2F2827456B0044774C /* Assets.xcassets */,
				D358BD312827456B0044774C /* LaunchScreen.storyboard */,
				D358BD342827456B0044774C /* Info.plist */,
			);
			path = KadaiChallenge11;
			sourceTree = "<group>";
		};
		DD66C181CA901890D76BE90F /* Pods */ = {
			isa = PBXGroup;
			children = (
				78691CC0AFB19687FE5FED3D /* Pods-KadaiChallenge11.debug.xcconfig */,
				7E918D27A7048F02437CDF29 /* Pods-KadaiChallenge11.release.xcconfig */,
			);
			path = Pods;
			sourceTree = "<group>";
		};
/* End PBXGroup section */

/* Begin PBXNativeTarget section */
		D358BD22282745690044774C /* KadaiChallenge11 */ = {
			isa = PBXNativeTarget;
			buildConfigurationList = D358BD372827456B0044774C /* Build configuration list for PBXNativeTarget "KadaiChallenge11" */;
			buildPhases = (
				368CBA3E2AA802C0E884E9C1 /* [CP] Check Pods Manifest.lock */,
				D358BD1F282745690044774C /* Sources */,
				D358BD20282745690044774C /* Frameworks */,
				D358BD21282745690044774C /* Resources */,
				D34EAD022828F7F700EC154A /* ShellScript */,
			);
			buildRules = (
			);
			dependencies = (
			);
			name = KadaiChallenge11;
			productName = KadaiChallenge11;
			productReference = D358BD23282745690044774C /* KadaiChallenge11.app */;
			productType = "com.apple.product-type.application";
		};
/* End PBXNativeTarget section */

/* Begin PBXProject section */
		D358BD1B282745690044774C /* Project object */ = {
			isa = PBXProject;
			attributes = {
				BuildIndependentTargetsInParallel = 1;
				LastSwiftUpdateCheck = 1330;
				LastUpgradeCheck = 1330;
				TargetAttributes = {
					D358BD22282745690044774C = {
						CreatedOnToolsVersion = 13.3.1;
					};
				};
			};
			buildConfigurationList = D358BD1E282745690044774C /* Build configuration list for PBXProject "KadaiChallenge11" */;
			compatibilityVersion = "Xcode 13.0";
			developmentRegion = en;
			hasScannedForEncodings = 0;
			knownRegions = (
				en,
				Base,
			);
			mainGroup = D358BD1A282745690044774C;
			productRefGroup = D358BD24282745690044774C /* Products */;
			projectDirPath = "";
			projectRoot = "";
			targets = (
				D358BD22282745690044774C /* KadaiChallenge11 */,
			);
		};
/* End PBXProject section */

/* Begin PBXResourcesBuildPhase section */
		D358BD21282745690044774C /* Resources */ = {
			isa = PBXResourcesBuildPhase;
			buildActionMask = 2147483647;
			files = (
				D358BD3D2827BD730044774C /* PrefecturesTableViewCell.xib in Resources */,
				D358BD332827456B0044774C /* LaunchScreen.storyboard in Resources */,
				D358BD302827456B0044774C /* Assets.xcassets in Resources */,
				D358BD2E282745690044774C /* Main.storyboard in Resources */,
			);
			runOnlyForDeploymentPostprocessing = 0;
		};
/* End PBXResourcesBuildPhase section */

/* Begin PBXShellScriptBuildPhase section */
		368CBA3E2AA802C0E884E9C1 /* [CP] Check Pods Manifest.lock */ = {
			isa = PBXShellScriptBuildPhase;
			buildActionMask = 2147483647;
			files = (
			);
			inputFileListPaths = (
			);
			inputPaths = (
				"${PODS_PODFILE_DIR_PATH}/Podfile.lock",
				"${PODS_ROOT}/Manifest.lock",
			);
			name = "[CP] Check Pods Manifest.lock";
			outputFileListPaths = (
			);
			outputPaths = (
				"$(DERIVED_FILE_DIR)/Pods-KadaiChallenge11-checkManifestLockResult.txt",
			);
			runOnlyForDeploymentPostprocessing = 0;
			shellPath = /bin/sh;
			shellScript = "diff \"${PODS_PODFILE_DIR_PATH}/Podfile.lock\" \"${PODS_ROOT}/Manifest.lock\" > /dev/null\nif [ $? != 0 ] ; then\n    # print error to STDERR\n    echo \"error: The sandbox is not in sync with the Podfile.lock. Run 'pod install' or update your CocoaPods installation.\" >&2\n    exit 1\nfi\n# This output is used by Xcode 'outputs' to avoid re-running this script phase.\necho \"SUCCESS\" > \"${SCRIPT_OUTPUT_FILE_0}\"\n";
			showEnvVarsInLog = 0;
		};
		D34EAD022828F7F700EC154A /* ShellScript */ = {
			isa = PBXShellScriptBuildPhase;
			buildActionMask = 2147483647;
			files = (
			);
			inputFileListPaths = (
			);
			inputPaths = (
			);
			outputFileListPaths = (
			);
			outputPaths = (
			);
			runOnlyForDeploymentPostprocessing = 0;
			shellPath = /bin/sh;
			shellScript = "if which \"${PODS_ROOT}/SwiftLint/swiftlint\" >/dev/null; then\n${PODS_ROOT}/SwiftLint/swiftlint\nelse\necho \"warning: SwiftLint not installed, download from https://github.com/realm/SwiftLint\"\nfi\n";
		};
/* End PBXShellScriptBuildPhase section */

/* Begin PBXSourcesBuildPhase section */
		D358BD1F282745690044774C /* Sources */ = {
			isa = PBXSourcesBuildPhase;
			buildActionMask = 2147483647;
			files = (
				D358BD3C2827BD730044774C /* PrefecturesTableViewCell.swift in Sources */,
				D358BD2B282745690044774C /* ViewController.swift in Sources */,
				D358BD27282745690044774C /* AppDelegate.swift in Sources */,
				D358BD29282745690044774C /* SceneDelegate.swift in Sources */,
				D358BD3F2827BD9A0044774C /* SelectionPrefecturesViewController.swift in Sources */,
			);
			runOnlyForDeploymentPostprocessing = 0;
		};
/* End PBXSourcesBuildPhase section */

/* Begin PBXVariantGroup section */
		D358BD2C282745690044774C /* Main.storyboard */ = {
			isa = PBXVariantGroup;
			children = (
				D358BD2D282745690044774C /* Base */,
			);
			name = Main.storyboard;
			sourceTree = "<group>";
		};
		D358BD312827456B0044774C /* LaunchScreen.storyboard */ = {
			isa = PBXVariantGroup;
			children = (
				D358BD322827456B0044774C /* Base */,
			);
			name = LaunchScreen.storyboard;
			sourceTree = "<group>";
		};
/* End PBXVariantGroup section */

/* Begin XCBuildConfiguration section */
		D358BD352827456B0044774C /* Debug */ = {
			isa = XCBuildConfiguration;
			buildSettings = {
				ALWAYS_SEARCH_USER_PATHS = NO;
				CLANG_ANALYZER_NONNULL = YES;
				CLANG_ANALYZER_NUMBER_OBJECT_CONVERSION = YES_AGGRESSIVE;
				CLANG_CXX_LANGUAGE_STANDARD = "gnu++17";
				CLANG_ENABLE_MODULES = YES;
				CLANG_ENABLE_OBJC_ARC = YES;
				CLANG_ENABLE_OBJC_WEAK = YES;
				CLANG_WARN_BLOCK_CAPTURE_AUTORELEASING = YES;
				CLANG_WARN_BOOL_CONVERSION = YES;
				CLANG_WARN_COMMA = YES;
				CLANG_WARN_CONSTANT_CONVERSION = YES;
				CLANG_WARN_DEPRECATED_OBJC_IMPLEMENTATIONS = YES;
				CLANG_WARN_DIRECT_OBJC_ISA_USAGE = YES_ERROR;
				CLANG_WARN_DOCUMENTATION_COMMENTS = YES;
				CLANG_WARN_EMPTY_BODY = YES;
				CLANG_WARN_ENUM_CONVERSION = YES;
				CLANG_WARN_INFINITE_RECURSION = YES;
				CLANG_WARN_INT_CONVERSION = YES;
				CLANG_WARN_NON_LITERAL_NULL_CONVERSION = YES;
				CLANG_WARN_OBJC_IMPLICIT_RETAIN_SELF = YES;
				CLANG_WARN_OBJC_LITERAL_CONVERSION = YES;
				CLANG_WARN_OBJC_ROOT_CLASS = YES_ERROR;
				CLANG_WARN_QUOTED_INCLUDE_IN_FRAMEWORK_HEADER = YES;
				CLANG_WARN_RANGE_LOOP_ANALYSIS = YES;
				CLANG_WARN_STRICT_PROTOTYPES = YES;
				CLANG_WARN_SUSPICIOUS_MOVE = YES;
				CLANG_WARN_UNGUARDED_AVAILABILITY = YES_AGGRESSIVE;
				CLANG_WARN_UNREACHABLE_CODE = YES;
				CLANG_WARN__DUPLICATE_METHOD_MATCH = YES;
				COPY_PHASE_STRIP = NO;
				DEBUG_INFORMATION_FORMAT = dwarf;
				ENABLE_STRICT_OBJC_MSGSEND = YES;
				ENABLE_TESTABILITY = YES;
				GCC_C_LANGUAGE_STANDARD = gnu11;
				GCC_DYNAMIC_NO_PIC = NO;
				GCC_NO_COMMON_BLOCKS = YES;
				GCC_OPTIMIZATION_LEVEL = 0;
				GCC_PREPROCESSOR_DEFINITIONS = (
					"DEBUG=1",
					"$(inherited)",
				);
				GCC_WARN_64_TO_32_BIT_CONVERSION = YES;
				GCC_WARN_ABOUT_RETURN_TYPE = YES_ERROR;
				GCC_WARN_UNDECLARED_SELECTOR = YES;
				GCC_WARN_UNINITIALIZED_AUTOS = YES_AGGRESSIVE;
				GCC_WARN_UNUSED_FUNCTION = YES;
				GCC_WARN_UNUSED_VARIABLE = YES;
				IPHONEOS_DEPLOYMENT_TARGET = 15.4;
				MTL_ENABLE_DEBUG_INFO = INCLUDE_SOURCE;
				MTL_FAST_MATH = YES;
				ONLY_ACTIVE_ARCH = YES;
				SDKROOT = iphoneos;
				SWIFT_ACTIVE_COMPILATION_CONDITIONS = DEBUG;
				SWIFT_OPTIMIZATION_LEVEL = "-Onone";
			};
			name = Debug;
		};
		D358BD362827456B0044774C /* Release */ = {
			isa = XCBuildConfiguration;
			buildSettings = {
				ALWAYS_SEARCH_USER_PATHS = NO;
				CLANG_ANALYZER_NONNULL = YES;
				CLANG_ANALYZER_NUMBER_OBJECT_CONVERSION = YES_AGGRESSIVE;
				CLANG_CXX_LANGUAGE_STANDARD = "gnu++17";
				CLANG_ENABLE_MODULES = YES;
				CLANG_ENABLE_OBJC_ARC = YES;
				CLANG_ENABLE_OBJC_WEAK = YES;
				CLANG_WARN_BLOCK_CAPTURE_AUTORELEASING = YES;
				CLANG_WARN_BOOL_CONVERSION = YES;
				CLANG_WARN_COMMA = YES;
				CLANG_WARN_CONSTANT_CONVERSION = YES;
				CLANG_WARN_DEPRECATED_OBJC_IMPLEMENTATIONS = YES;
				CLANG_WARN_DIRECT_OBJC_ISA_USAGE = YES_ERROR;
				CLANG_WARN_DOCUMENTATION_COMMENTS = YES;
				CLANG_WARN_EMPTY_BODY = YES;
				CLANG_WARN_ENUM_CONVERSION = YES;
				CLANG_WARN_INFINITE_RECURSION = YES;
				CLANG_WARN_INT_CONVERSION = YES;
				CLANG_WARN_NON_LITERAL_NULL_CONVERSION = YES;
				CLANG_WARN_OBJC_IMPLICIT_RETAIN_SELF = YES;
				CLANG_WARN_OBJC_LITERAL_CONVERSION = YES;
				CLANG_WARN_OBJC_ROOT_CLASS = YES_ERROR;
				CLANG_WARN_QUOTED_INCLUDE_IN_FRAMEWORK_HEADER = YES;
				CLANG_WARN_RANGE_LOOP_ANALYSIS = YES;
				CLANG_WARN_STRICT_PROTOTYPES = YES;
				CLANG_WARN_SUSPICIOUS_MOVE = YES;
				CLANG_WARN_UNGUARDED_AVAILABILITY = YES_AGGRESSIVE;
				CLANG_WARN_UNREACHABLE_CODE = YES;
				CLANG_WARN__DUPLICATE_METHOD_MATCH = YES;
				COPY_PHASE_STRIP = NO;
				DEBUG_INFORMATION_FORMAT = "dwarf-with-dsym";
				ENABLE_NS_ASSERTIONS = NO;
				ENABLE_STRICT_OBJC_MSGSEND = YES;
				GCC_C_LANGUAGE_STANDARD = gnu11;
				GCC_NO_COMMON_BLOCKS = YES;
				GCC_WARN_64_TO_32_BIT_CONVERSION = YES;
				GCC_WARN_ABOUT_RETURN_TYPE = YES_ERROR;
				GCC_WARN_UNDECLARED_SELECTOR = YES;
				GCC_WARN_UNINITIALIZED_AUTOS = YES_AGGRESSIVE;
				GCC_WARN_UNUSED_FUNCTION = YES;
				GCC_WARN_UNUSED_VARIABLE = YES;
				IPHONEOS_DEPLOYMENT_TARGET = 15.4;
				MTL_ENABLE_DEBUG_INFO = NO;
				MTL_FAST_MATH = YES;
				SDKROOT = iphoneos;
				SWIFT_COMPILATION_MODE = wholemodule;
				SWIFT_OPTIMIZATION_LEVEL = "-O";
				VALIDATE_PRODUCT = YES;
			};
			name = Release;
		};
		D358BD382827456B0044774C /* Debug */ = {
			isa = XCBuildConfiguration;
			baseConfigurationReference = 78691CC0AFB19687FE5FED3D /* Pods-KadaiChallenge11.debug.xcconfig */;
			buildSettings = {
				ASSETCATALOG_COMPILER_APPICON_NAME = AppIcon;
				ASSETCATALOG_COMPILER_GLOBAL_ACCENT_COLOR_NAME = AccentColor;
				CODE_SIGN_STYLE = Automatic;
				CURRENT_PROJECT_VERSION = 1;
				GENERATE_INFOPLIST_FILE = YES;
				INFOPLIST_FILE = KadaiChallenge11/Info.plist;
				INFOPLIST_KEY_UIApplicationSupportsIndirectInputEvents = YES;
				INFOPLIST_KEY_UILaunchStoryboardName = LaunchScreen;
				INFOPLIST_KEY_UIMainStoryboardFile = Main;
				INFOPLIST_KEY_UISupportedInterfaceOrientations_iPad = "UIInterfaceOrientationPortrait UIInterfaceOrientationPortraitUpsideDown UIInterfaceOrientationLandscapeLeft UIInterfaceOrientationLandscapeRight";
				INFOPLIST_KEY_UISupportedInterfaceOrientations_iPhone = "UIInterfaceOrientationPortrait UIInterfaceOrientationLandscapeLeft UIInterfaceOrientationLandscapeRight";
				LD_RUNPATH_SEARCH_PATHS = (
					"$(inherited)",
					"@executable_path/Frameworks",
				);
				MARKETING_VERSION = 1.0;
				PRODUCT_BUNDLE_IDENTIFIER = "Swift-Beginners.KadaiChallenge11";
				PRODUCT_NAME = "$(TARGET_NAME)";
				SWIFT_EMIT_LOC_STRINGS = YES;
				SWIFT_VERSION = 5.0;
				TARGETED_DEVICE_FAMILY = "1,2";
			};
			name = Debug;
		};
		D358BD392827456B0044774C /* Release */ = {
			isa = XCBuildConfiguration;
			baseConfigurationReference = 7E918D27A7048F02437CDF29 /* Pods-KadaiChallenge11.release.xcconfig */;
			buildSettings = {
				ASSETCATALOG_COMPILER_APPICON_NAME = AppIcon;
				ASSETCATALOG_COMPILER_GLOBAL_ACCENT_COLOR_NAME = AccentColor;
				CODE_SIGN_STYLE = Automatic;
				CURRENT_PROJECT_VERSION = 1;
				GENERATE_INFOPLIST_FILE = YES;
				INFOPLIST_FILE = KadaiChallenge11/Info.plist;
				INFOPLIST_KEY_UIApplicationSupportsIndirectInputEvents = YES;
				INFOPLIST_KEY_UILaunchStoryboardName = LaunchScreen;
				INFOPLIST_KEY_UIMainStoryboardFile = Main;
				INFOPLIST_KEY_UISupportedInterfaceOrientations_iPad = "UIInterfaceOrientationPortrait UIInterfaceOrientationPortraitUpsideDown UIInterfaceOrientationLandscapeLeft UIInterfaceOrientationLandscapeRight";
				INFOPLIST_KEY_UISupportedInterfaceOrientations_iPhone = "UIInterfaceOrientationPortrait UIInterfaceOrientationLandscapeLeft UIInterfaceOrientationLandscapeRight";
				LD_RUNPATH_SEARCH_PATHS = (
					"$(inherited)",
					"@executable_path/Frameworks",
				);
				MARKETING_VERSION = 1.0;
				PRODUCT_BUNDLE_IDENTIFIER = "Swift-Beginners.KadaiChallenge11";
				PRODUCT_NAME = "$(TARGET_NAME)";
				SWIFT_EMIT_LOC_STRINGS = YES;
				SWIFT_VERSION = 5.0;
				TARGETED_DEVICE_FAMILY = "1,2";
			};
			name = Release;
		};
/* End XCBuildConfiguration section */

/* Begin XCConfigurationList section */
		D358BD1E282745690044774C /* Build configuration list for PBXProject "KadaiChallenge11" */ = {
			isa = XCConfigurationList;
			buildConfigurations = (
				D358BD352827456B0044774C /* Debug */,
				D358BD362827456B0044774C /* Release */,
			);
			defaultConfigurationIsVisible = 0;
			defaultConfigurationName = Release;
		};
		D358BD372827456B0044774C /* Build configuration list for PBXNativeTarget "KadaiChallenge11" */ = {
			isa = XCConfigurationList;
			buildConfigurations = (
				D358BD382827456B0044774C /* Debug */,
				D358BD392827456B0044774C /* Release */,
			);
			defaultConfigurationIsVisible = 0;
			defaultConfigurationName = Release;
		};
/* End XCConfigurationList section */
	};
	rootObject = D358BD1B282745690044774C /* Project object */;
}
